<?xml version="1.0" encoding="UTF-8" standalone="yes" ?>
<CodeBlocks_project_file>
	<FileVersion major="1" minor="6" />
	<Project>
		<Option title="Roguelike" />
		<Option pch_mode="2" />
		<Option compiler="gcc" />
		<Build>
			<Target title="Debug">
				<Option output="bin/Debug/Roguelike" prefix_auto="1" extension_auto="1" />
				<Option object_output="obj/Debug/" />
				<Option type="1" />
				<Option compiler="gcc" />
				<Compiler>
					<Add option="-g" />
				</Compiler>
				<Linker>
					<Add library="../../../../../lib/libncurses.so.5.9" />
					<Add library="../../../../../lib/libncursesw.so.5.9" />
					<Add library="../../../../../lib/libtinfo.so.5.9" />
				</Linker>
			</Target>
			<Target title="Release">
				<Option output="bin/Release/Roguelike" prefix_auto="1" extension_auto="1" />
				<Option object_output="obj/Release/" />
				<Option type="1" />
				<Option compiler="gcc" />
				<Compiler>
					<Add option="-O2" />
				</Compiler>
				<Linker>
					<Add option="-s" />
				</Linker>
			</Target>
		</Build>
		<Compiler>
			<Add option="-Wall" />
			<Add option="-fexceptions" />
		</Compiler>
		<Unit filename="Body.cpp" />
		<Unit filename="Body.h" />
		<Unit filename="BorderArea.cpp" />
		<Unit filename="BorderArea.h" />
		<Unit filename="CharRaster.cpp" />
		<Unit filename="CharRaster.h" />
		<Unit filename="Color.cpp" />
		<Unit filename="Color.h" />
		<Unit filename="Controller.cpp" />
		<Unit filename="Controller.h" />
		<Unit filename="CurrentArea.cpp" />
		<Unit filename="CurrentArea.h" />
		<Unit filename="DisplayManager.cpp" />
		<Unit filename="DisplayManager.h" />
		<Unit filename="Line.cpp" />
		<Unit filename="Line.h" />
		<Unit filename="LocalArea.cpp" />
		<Unit filename="LocalArea.h" />
		<Unit filename="LocalAreaBorder.cpp" />
		<Unit filename="LocalAreaTerrain.cpp" />
		<Unit filename="Location.cpp" />
		<Unit filename="Location.h" />
		<Unit filename="Player.cpp" />
		<Unit filename="Player.h" />
		<Unit filename="Rotation.cpp" />
		<Unit filename="Rotation.h" />
		<Unit filename="TerrainType.cpp" />
		<Unit filename="TerrainType.h" />
		<Unit filename="main.cpp" />
		<Unit filename="oldcode.txt" />
		<Extensions>
			<code_completion />
			<debugger />
		</Extensions>
	</Project>
</CodeBlocks_project_file>
